
Microsoft Visual Studio Solution File, Format Version 12.00
# Visual Studio Version 17
VisualStudioVersion = 17.1.32228.430
MinimumVisualStudioVersion = 10.0.40219.1
Project("{9A19103F-16F7-4668-BE54-9A1E7A4F7556}") = "superShopManagement", "doctorapp2\superShopManagement.csproj", "{1AB0FF49-C304-4063-8397-72C6A0D79744}"
EndProject
Global
	GlobalSection(SolutionConfigurationPlatforms) = preSolution
		Debug|Any CPU = Debug|Any CPU
		Release|Any CPU = Release|Any CPU
	EndGlobalSection
	GlobalSection(ProjectConfigurationPlatforms) = postSolution
		{1AB0FF49-C304-4063-8397-72C6A0D79744}.Debug|Any CPU.ActiveCfg = Debug|Any CPU
		{1AB0FF49-C304-4063-8397-72C6A0D79744}.Debug|Any CPU.Build.0 = Debug|Any CPU
		{1AB0FF49-C304-4063-8397-72C6A0D79744}.Release|Any CPU.ActiveCfg = Release|Any CPU
		{1AB0FF49-C304-4063-8397-72C6A0D79744}.Release|Any CPU.Build.0 = Release|Any CPU
	EndGlobalSection
	GlobalSection(SolutionProperties) = preSolution
		HideSolutionNode = FALSE
	EndGlobalSection
	GlobalSection(ExtensibilityGlobals) = postSolution
		SolutionGuid = {ABA35F16-AA5E-4C37-909C-17E070862BCD}
	EndGlobalSection
EndGlobal
